
Microsoft Visual Studio Solution File, Format Version 12.00
# Visual Studio 15
VisualStudioVersion = 15.0.27428.1
MinimumVisualStudioVersion = 10.0.40219.1
Project("{FAE04EC0-301F-11D3-BF4B-00C04F79EFBC}") = "Currency", "Currency\Currency.csproj", "{450E2D9E-FAD0-4354-BA0D-249047A8C52D}"
EndProject
Global
	GlobalSection(SolutionConfigurationPlatforms) = preSolution
		Debug|Any CPU = Debug|Any CPU
		Release|Any CPU = Release|Any CPU
	EndGlobalSection
	GlobalSection(ProjectConfigurationPlatforms) = postSolution
		{450E2D9E-FAD0-4354-BA0D-249047A8C52D}.Debug|Any CPU.ActiveCfg = Debug|Any CPU
		{450E2D9E-FAD0-4354-BA0D-249047A8C52D}.Debug|Any CPU.Build.0 = Debug|Any CPU
		{450E2D9E-FAD0-4354-BA0D-249047A8C52D}.Release|Any CPU.ActiveCfg = Release|Any CPU
		{450E2D9E-FAD0-4354-BA0D-249047A8C52D}.Release|Any CPU.Build.0 = Release|Any CPU
	EndGlobalSection
	GlobalSection(SolutionProperties) = preSolution
		HideSolutionNode = FALSE
	EndGlobalSection
	GlobalSection(ExtensibilityGlobals) = postSolution
		SolutionGuid = {536DADC6-BD00-495F-8070-CE9D89B6E3CF}
	EndGlobalSection
EndGlobal
